
Microsoft Visual Studio Solution File, Format Version 12.00
# Visual Studio Version 16
VisualStudioVersion = 16.0.29709.97
MinimumVisualStudioVersion = 10.0.40219.1
Project("{FAE04EC0-301F-11D3-BF4B-00C04F79EFBC}") = "DLL-Abs-Basic", "DLL-Abs-Basic\DLL-Abs-Basic.csproj", "{400C42F9-D783-4C10-B2F5-6616892F1122}"
EndProject
Global
	GlobalSection(SolutionConfigurationPlatforms) = preSolution
		Debug|Any CPU = Debug|Any CPU
		Release|Any CPU = Release|Any CPU
	EndGlobalSection
	GlobalSection(ProjectConfigurationPlatforms) = postSolution
		{400C42F9-D783-4C10-B2F5-6616892F1122}.Debug|Any CPU.ActiveCfg = Debug|Any CPU
		{400C42F9-D783-4C10-B2F5-6616892F1122}.Debug|Any CPU.Build.0 = Debug|Any CPU
		{400C42F9-D783-4C10-B2F5-6616892F1122}.Release|Any CPU.ActiveCfg = Release|Any CPU
		{400C42F9-D783-4C10-B2F5-6616892F1122}.Release|Any CPU.Build.0 = Release|Any CPU
	EndGlobalSection
	GlobalSection(SolutionProperties) = preSolution
		HideSolutionNode = FALSE
	EndGlobalSection
	GlobalSection(ExtensibilityGlobals) = postSolution
		SolutionGuid = {EE9EBBFF-397F-43AF-A0DF-FD7B7B198616}
	EndGlobalSection
EndGlobal
